
Microsoft Visual Studio Solution File, Format Version 12.00
# Visual Studio Version 17
VisualStudioVersion = 17.5.002.0
MinimumVisualStudioVersion = 10.0.40219.1
Project("{2150E333-8FDC-42A3-9474-1A3956D46DE8}") = "Lesson1", "Lesson1", "{FC3AEF75-42B0-424E-8BE9-C1D35E00D8D8}"
EndProject
Project("{9A19103F-16F7-4668-BE54-9A1E7A4F7556}") = "Task1", "Lesson1\Task1\Task1.csproj", "{77ED1B2F-919D-4A0C-BCF2-F654EAAB8E8A}"
EndProject
Project("{9A19103F-16F7-4668-BE54-9A1E7A4F7556}") = "Task2", "Lesson1\Task2\Task2.csproj", "{E8644054-7067-4832-A554-B708B730EE7D}"
EndProject
Project("{9A19103F-16F7-4668-BE54-9A1E7A4F7556}") = "Task3", "Lesson1\Task3\Task3.csproj", "{15C99FAC-9FFE-4E0E-A6A7-651DBE06BA8D}"
EndProject
Project("{9A19103F-16F7-4668-BE54-9A1E7A4F7556}") = "Task4", "Lesson1\Task4\Task4.csproj", "{2F485FDC-124A-4C6B-909E-B7D0DAB2C9EB}"
EndProject
Project("{9A19103F-16F7-4668-BE54-9A1E7A4F7556}") = "Task5", "Lesson1\Task5\Task5.csproj", "{127361A9-BB9F-4EFF-8F60-2B5A58107D95}"
EndProject
Project("{2150E333-8FDC-42A3-9474-1A3956D46DE8}") = "Seminar", "Seminar", "{FD04D2E1-1576-4B1F-9F9D-92A5B2587365}"
EndProject
Project("{2150E333-8FDC-42A3-9474-1A3956D46DE8}") = "Seminar1", "Seminar1", "{C41D2433-DBE5-4B93-BAD0-FB32FE674E46}"
EndProject
Project("{9A19103F-16F7-4668-BE54-9A1E7A4F7556}") = "Seminar1", "Seminar\Seminar1\Task1\Seminar1.csproj", "{8D5E7949-EF74-454A-8B1F-2DA996419C9A}"
EndProject
Project("{9A19103F-16F7-4668-BE54-9A1E7A4F7556}") = "Task2", "Seminar\Seminar1\Task2\Task2.csproj", "{91B0BADB-6D2A-478C-A57D-64334FA6DDB1}"
EndProject
Project("{9A19103F-16F7-4668-BE54-9A1E7A4F7556}") = "Task3", "Seminar\Seminar1\Task3\Task3.csproj", "{CB04710B-33EF-4833-B371-D39F9E89CBD3}"
EndProject
Project("{9A19103F-16F7-4668-BE54-9A1E7A4F7556}") = "Task4", "Seminar\Seminar1\Task4\Task4.csproj", "{C9622256-064C-413A-8AE2-8F615A37E8CC}"
EndProject
Global
	GlobalSection(SolutionConfigurationPlatforms) = preSolution
		Debug|Any CPU = Debug|Any CPU
		Release|Any CPU = Release|Any CPU
	EndGlobalSection
	GlobalSection(ProjectConfigurationPlatforms) = postSolution
		{77ED1B2F-919D-4A0C-BCF2-F654EAAB8E8A}.Debug|Any CPU.ActiveCfg = Debug|Any CPU
		{77ED1B2F-919D-4A0C-BCF2-F654EAAB8E8A}.Debug|Any CPU.Build.0 = Debug|Any CPU
		{77ED1B2F-919D-4A0C-BCF2-F654EAAB8E8A}.Release|Any CPU.ActiveCfg = Release|Any CPU
		{77ED1B2F-919D-4A0C-BCF2-F654EAAB8E8A}.Release|Any CPU.Build.0 = Release|Any CPU
		{E8644054-7067-4832-A554-B708B730EE7D}.Debug|Any CPU.ActiveCfg = Debug|Any CPU
		{E8644054-7067-4832-A554-B708B730EE7D}.Debug|Any CPU.Build.0 = Debug|Any CPU
		{E8644054-7067-4832-A554-B708B730EE7D}.Release|Any CPU.ActiveCfg = Release|Any CPU
		{E8644054-7067-4832-A554-B708B730EE7D}.Release|Any CPU.Build.0 = Release|Any CPU
		{15C99FAC-9FFE-4E0E-A6A7-651DBE06BA8D}.Debug|Any CPU.ActiveCfg = Debug|Any CPU
		{15C99FAC-9FFE-4E0E-A6A7-651DBE06BA8D}.Debug|Any CPU.Build.0 = Debug|Any CPU
		{15C99FAC-9FFE-4E0E-A6A7-651DBE06BA8D}.Release|Any CPU.ActiveCfg = Release|Any CPU
		{15C99FAC-9FFE-4E0E-A6A7-651DBE06BA8D}.Release|Any CPU.Build.0 = Release|Any CPU
		{2F485FDC-124A-4C6B-909E-B7D0DAB2C9EB}.Debug|Any CPU.ActiveCfg = Debug|Any CPU
		{2F485FDC-124A-4C6B-909E-B7D0DAB2C9EB}.Debug|Any CPU.Build.0 = Debug|Any CPU
		{2F485FDC-124A-4C6B-909E-B7D0DAB2C9EB}.Release|Any CPU.ActiveCfg = Release|Any CPU
		{2F485FDC-124A-4C6B-909E-B7D0DAB2C9EB}.Release|Any CPU.Build.0 = Release|Any CPU
		{127361A9-BB9F-4EFF-8F60-2B5A58107D95}.Debug|Any CPU.ActiveCfg = Debug|Any CPU
		{127361A9-BB9F-4EFF-8F60-2B5A58107D95}.Debug|Any CPU.Build.0 = Debug|Any CPU
		{127361A9-BB9F-4EFF-8F60-2B5A58107D95}.Release|Any CPU.ActiveCfg = Release|Any CPU
		{127361A9-BB9F-4EFF-8F60-2B5A58107D95}.Release|Any CPU.Build.0 = Release|Any CPU
		{8D5E7949-EF74-454A-8B1F-2DA996419C9A}.Debug|Any CPU.ActiveCfg = Debug|Any CPU
		{8D5E7949-EF74-454A-8B1F-2DA996419C9A}.Debug|Any CPU.Build.0 = Debug|Any CPU
		{8D5E7949-EF74-454A-8B1F-2DA996419C9A}.Release|Any CPU.ActiveCfg = Release|Any CPU
		{8D5E7949-EF74-454A-8B1F-2DA996419C9A}.Release|Any CPU.Build.0 = Release|Any CPU
		{91B0BADB-6D2A-478C-A57D-64334FA6DDB1}.Debug|Any CPU.ActiveCfg = Debug|Any CPU
		{91B0BADB-6D2A-478C-A57D-64334FA6DDB1}.Debug|Any CPU.Build.0 = Debug|Any CPU
		{91B0BADB-6D2A-478C-A57D-64334FA6DDB1}.Release|Any CPU.ActiveCfg = Release|Any CPU
		{91B0BADB-6D2A-478C-A57D-64334FA6DDB1}.Release|Any CPU.Build.0 = Release|Any CPU
		{CB04710B-33EF-4833-B371-D39F9E89CBD3}.Debug|Any CPU.ActiveCfg = Debug|Any CPU
		{CB04710B-33EF-4833-B371-D39F9E89CBD3}.Debug|Any CPU.Build.0 = Debug|Any CPU
		{CB04710B-33EF-4833-B371-D39F9E89CBD3}.Release|Any CPU.ActiveCfg = Release|Any CPU
		{CB04710B-33EF-4833-B371-D39F9E89CBD3}.Release|Any CPU.Build.0 = Release|Any CPU
		{C9622256-064C-413A-8AE2-8F615A37E8CC}.Debug|Any CPU.ActiveCfg = Debug|Any CPU
		{C9622256-064C-413A-8AE2-8F615A37E8CC}.Debug|Any CPU.Build.0 = Debug|Any CPU
		{C9622256-064C-413A-8AE2-8F615A37E8CC}.Release|Any CPU.ActiveCfg = Release|Any CPU
		{C9622256-064C-413A-8AE2-8F615A37E8CC}.Release|Any CPU.Build.0 = Release|Any CPU
	EndGlobalSection
	GlobalSection(SolutionProperties) = preSolution
		HideSolutionNode = FALSE
	EndGlobalSection
	GlobalSection(NestedProjects) = preSolution
		{77ED1B2F-919D-4A0C-BCF2-F654EAAB8E8A} = {FC3AEF75-42B0-424E-8BE9-C1D35E00D8D8}
		{E8644054-7067-4832-A554-B708B730EE7D} = {FC3AEF75-42B0-424E-8BE9-C1D35E00D8D8}
		{15C99FAC-9FFE-4E0E-A6A7-651DBE06BA8D} = {FC3AEF75-42B0-424E-8BE9-C1D35E00D8D8}
		{2F485FDC-124A-4C6B-909E-B7D0DAB2C9EB} = {FC3AEF75-42B0-424E-8BE9-C1D35E00D8D8}
		{127361A9-BB9F-4EFF-8F60-2B5A58107D95} = {FC3AEF75-42B0-424E-8BE9-C1D35E00D8D8}
		{C41D2433-DBE5-4B93-BAD0-FB32FE674E46} = {FD04D2E1-1576-4B1F-9F9D-92A5B2587365}
		{8D5E7949-EF74-454A-8B1F-2DA996419C9A} = {C41D2433-DBE5-4B93-BAD0-FB32FE674E46}
		{91B0BADB-6D2A-478C-A57D-64334FA6DDB1} = {C41D2433-DBE5-4B93-BAD0-FB32FE674E46}
		{CB04710B-33EF-4833-B371-D39F9E89CBD3} = {C41D2433-DBE5-4B93-BAD0-FB32FE674E46}
		{C9622256-064C-413A-8AE2-8F615A37E8CC} = {C41D2433-DBE5-4B93-BAD0-FB32FE674E46}
	EndGlobalSection
	GlobalSection(ExtensibilityGlobals) = postSolution
		SolutionGuid = {7CA61FB3-C88A-48F7-8FCF-C2D903864B9B}
	EndGlobalSection
EndGlobal
